
Microsoft Visual Studio Solution File, Format Version 12.00
# Visual Studio Version 16
VisualStudioVersion = 16.0.30503.244
MinimumVisualStudioVersion = 10.0.40219.1
Project("{9A19103F-16F7-4668-BE54-9A1E7A4F7556}") = "EvolentHealth.ContactDirectory.BusinessEntities", "EvolentHealth.ContactDirectory.BusinessEntities\EvolentHealth.ContactDirectory.BusinessEntities.csproj", "{CDFED50B-89A3-43D4-BB5D-EDC4A7049A0E}"
EndProject
Project("{9A19103F-16F7-4668-BE54-9A1E7A4F7556}") = "EvolentHealth.ContactDirectory.DataAccess", "EvolentHealth.ContactDirectory.DataAccess\EvolentHealth.ContactDirectory.DataAccess.csproj", "{36A95600-E67B-4582-8D02-2741E652FA7A}"
EndProject
Project("{9A19103F-16F7-4668-BE54-9A1E7A4F7556}") = "EvolentHealth.ContactDirectory.Ioc", "EvolentHealth.ContactDirectory.Ioc\EvolentHealth.ContactDirectory.Ioc.csproj", "{EB5797C3-93E7-4F33-8B83-D392B57F12F6}"
EndProject
Project("{9A19103F-16F7-4668-BE54-9A1E7A4F7556}") = "EvolentHealth.ContactDirectory.UI", "EvolentHealth.ContactDirectory.UI\EvolentHealth.ContactDirectory.UI.csproj", "{8881E158-33B6-48C1-8B32-63F969AE56FA}"
EndProject
Project("{9A19103F-16F7-4668-BE54-9A1E7A4F7556}") = "EvolentHealth.ContactDirectory.API", "EvolentHealth.ContactDirectory.API\EvolentHealth.ContactDirectory.API.csproj", "{BAD6E35E-33AD-42E7-8CC9-A53D907ECB7C}"
EndProject
Project("{FAE04EC0-301F-11D3-BF4B-00C04F79EFBC}") = "EvolentHealth.ContactDirectory.UnitTest", "EvolentHealth.ContactDirectory.UnitTest\EvolentHealth.ContactDirectory.UnitTest.csproj", "{D32928FC-BEB8-46B7-9937-A307DDF1AB59}"
EndProject
Project("{FAE04EC0-301F-11D3-BF4B-00C04F79EFBC}") = "EvolentHealth.ContactDirectory.Logger", "EvolentHealth.ContactDirectory.Logger\EvolentHealth.ContactDirectory.Logger.csproj", "{E6BFBF10-FD1F-47DC-AA64-2B029EAF0D15}"
EndProject
Global
	GlobalSection(SolutionConfigurationPlatforms) = preSolution
		Debug|Any CPU = Debug|Any CPU
		Release|Any CPU = Release|Any CPU
	EndGlobalSection
	GlobalSection(ProjectConfigurationPlatforms) = postSolution
		{CDFED50B-89A3-43D4-BB5D-EDC4A7049A0E}.Debug|Any CPU.ActiveCfg = Debug|Any CPU
		{CDFED50B-89A3-43D4-BB5D-EDC4A7049A0E}.Debug|Any CPU.Build.0 = Debug|Any CPU
		{CDFED50B-89A3-43D4-BB5D-EDC4A7049A0E}.Release|Any CPU.ActiveCfg = Release|Any CPU
		{CDFED50B-89A3-43D4-BB5D-EDC4A7049A0E}.Release|Any CPU.Build.0 = Release|Any CPU
		{36A95600-E67B-4582-8D02-2741E652FA7A}.Debug|Any CPU.ActiveCfg = Debug|Any CPU
		{36A95600-E67B-4582-8D02-2741E652FA7A}.Debug|Any CPU.Build.0 = Debug|Any CPU
		{36A95600-E67B-4582-8D02-2741E652FA7A}.Release|Any CPU.ActiveCfg = Release|Any CPU
		{36A95600-E67B-4582-8D02-2741E652FA7A}.Release|Any CPU.Build.0 = Release|Any CPU
		{EB5797C3-93E7-4F33-8B83-D392B57F12F6}.Debug|Any CPU.ActiveCfg = Debug|Any CPU
		{EB5797C3-93E7-4F33-8B83-D392B57F12F6}.Debug|Any CPU.Build.0 = Debug|Any CPU
		{EB5797C3-93E7-4F33-8B83-D392B57F12F6}.Release|Any CPU.ActiveCfg = Release|Any CPU
		{EB5797C3-93E7-4F33-8B83-D392B57F12F6}.Release|Any CPU.Build.0 = Release|Any CPU
		{8881E158-33B6-48C1-8B32-63F969AE56FA}.Debug|Any CPU.ActiveCfg = Debug|Any CPU
		{8881E158-33B6-48C1-8B32-63F969AE56FA}.Debug|Any CPU.Build.0 = Debug|Any CPU
		{8881E158-33B6-48C1-8B32-63F969AE56FA}.Release|Any CPU.ActiveCfg = Release|Any CPU
		{8881E158-33B6-48C1-8B32-63F969AE56FA}.Release|Any CPU.Build.0 = Release|Any CPU
		{BAD6E35E-33AD-42E7-8CC9-A53D907ECB7C}.Debug|Any CPU.ActiveCfg = Debug|Any CPU
		{BAD6E35E-33AD-42E7-8CC9-A53D907ECB7C}.Debug|Any CPU.Build.0 = Debug|Any CPU
		{BAD6E35E-33AD-42E7-8CC9-A53D907ECB7C}.Release|Any CPU.ActiveCfg = Release|Any CPU
		{BAD6E35E-33AD-42E7-8CC9-A53D907ECB7C}.Release|Any CPU.Build.0 = Release|Any CPU
		{D32928FC-BEB8-46B7-9937-A307DDF1AB59}.Debug|Any CPU.ActiveCfg = Debug|Any CPU
		{D32928FC-BEB8-46B7-9937-A307DDF1AB59}.Debug|Any CPU.Build.0 = Debug|Any CPU
		{D32928FC-BEB8-46B7-9937-A307DDF1AB59}.Release|Any CPU.ActiveCfg = Release|Any CPU
		{D32928FC-BEB8-46B7-9937-A307DDF1AB59}.Release|Any CPU.Build.0 = Release|Any CPU
		{E6BFBF10-FD1F-47DC-AA64-2B029EAF0D15}.Debug|Any CPU.ActiveCfg = Debug|Any CPU
		{E6BFBF10-FD1F-47DC-AA64-2B029EAF0D15}.Debug|Any CPU.Build.0 = Debug|Any CPU
		{E6BFBF10-FD1F-47DC-AA64-2B029EAF0D15}.Release|Any CPU.ActiveCfg = Release|Any CPU
		{E6BFBF10-FD1F-47DC-AA64-2B029EAF0D15}.Release|Any CPU.Build.0 = Release|Any CPU
	EndGlobalSection
	GlobalSection(SolutionProperties) = preSolution
		HideSolutionNode = FALSE
	EndGlobalSection
	GlobalSection(ExtensibilityGlobals) = postSolution
		SolutionGuid = {47048715-0899-4C92-95A8-94CFEB3B6A3F}
	EndGlobalSection
EndGlobal
